
Microsoft Visual Studio Solution File, Format Version 12.00
# Visual Studio Version 17
VisualStudioVersion = 17.10.34916.146
MinimumVisualStudioVersion = 10.0.40219.1
Project("{9A19103F-16F7-4668-BE54-9A1E7A4F7556}") = "job_buddy_backend", "job_buddy_backend.csproj", "{C182D22E-C4B9-45F2-B914-C1DFB0D4EEEE}"
EndProject
Project("{FAE04EC0-301F-11D3-BF4B-00C04F79EFBC}") = "Job_buddy_backend.Tests", "..\Job_buddy_backend.Tests\Job_buddy_backend.Tests.csproj", "{8A992ED0-CB3A-4C72-BAE9-B9AC8B283001}"
EndProject
Global
	GlobalSection(SolutionConfigurationPlatforms) = preSolution
		Debug|Any CPU = Debug|Any CPU
		Release|Any CPU = Release|Any CPU
	EndGlobalSection
	GlobalSection(ProjectConfigurationPlatforms) = postSolution
		{C182D22E-C4B9-45F2-B914-C1DFB0D4EEEE}.Debug|Any CPU.ActiveCfg = Debug|Any CPU
		{C182D22E-C4B9-45F2-B914-C1DFB0D4EEEE}.Debug|Any CPU.Build.0 = Debug|Any CPU
		{C182D22E-C4B9-45F2-B914-C1DFB0D4EEEE}.Release|Any CPU.ActiveCfg = Release|Any CPU
		{C182D22E-C4B9-45F2-B914-C1DFB0D4EEEE}.Release|Any CPU.Build.0 = Release|Any CPU
		{8A992ED0-CB3A-4C72-BAE9-B9AC8B283001}.Debug|Any CPU.ActiveCfg = Debug|Any CPU
		{8A992ED0-CB3A-4C72-BAE9-B9AC8B283001}.Debug|Any CPU.Build.0 = Debug|Any CPU
		{8A992ED0-CB3A-4C72-BAE9-B9AC8B283001}.Release|Any CPU.ActiveCfg = Release|Any CPU
		{8A992ED0-CB3A-4C72-BAE9-B9AC8B283001}.Release|Any CPU.Build.0 = Release|Any CPU
	EndGlobalSection
	GlobalSection(SolutionProperties) = preSolution
		HideSolutionNode = FALSE
	EndGlobalSection
	GlobalSection(ExtensibilityGlobals) = postSolution
		SolutionGuid = {724EBD7A-D7C3-46FA-B628-A010ADDD53D9}
	EndGlobalSection
EndGlobal
